
Microsoft Visual Studio Solution File, Format Version 12.00
# Visual Studio Version 17
VisualStudioVersion = 17.14.36616.10 d17.14
MinimumVisualStudioVersion = 10.0.40219.1
Project("{FAE04EC0-301F-11D3-BF4B-00C04F79EFBC}") = "ManczakSzybura.KatalogProduktów.BL", "ManczakSzybura.KatalogProduktów.BL\ManczakSzybura.KatalogProduktów.BL.csproj", "{596F6EF8-18B5-48FC-B651-1DE037691B27}"
EndProject
Project("{FAE04EC0-301F-11D3-BF4B-00C04F79EFBC}") = "ManczakSzybura.KatalogProduktów.DAO", "ManczakSzybura.KatalogProduktów.DAO\ManczakSzybura.KatalogProduktów.DAO.csproj", "{32C8483A-D6D1-4F87-A790-D09BBF403063}"
EndProject
Project("{FAE04EC0-301F-11D3-BF4B-00C04F79EFBC}") = "ManczakSzybura.KatalogProduktów.CORE", "ManczakSzybura.KatalogProduktów.CORE\ManczakSzybura.KatalogProduktów.CORE.csproj", "{4ADC1081-691C-4299-9F52-C70E2F768780}"
EndProject
Project("{FAE04EC0-301F-11D3-BF4B-00C04F79EFBC}") = "ManczakSzybura.KatalogProduktów.INTERFACES", "ManczakSzybura.KatalogProduktów.INTERFACES\ManczakSzybura.KatalogProduktów.INTERFACES.csproj", "{47B6E6DE-6948-4F62-80FA-8A69ECB4E6DD}"
EndProject
Project("{FAE04EC0-301F-11D3-BF4B-00C04F79EFBC}") = "TestEnv", "TestEnv\TestEnv.csproj", "{E6E91EB5-F78A-4511-9394-6101A9B7C710}"
EndProject
Global
	GlobalSection(SolutionConfigurationPlatforms) = preSolution
		Debug|Any CPU = Debug|Any CPU
		Release|Any CPU = Release|Any CPU
	EndGlobalSection
	GlobalSection(ProjectConfigurationPlatforms) = postSolution
		{596F6EF8-18B5-48FC-B651-1DE037691B27}.Debug|Any CPU.ActiveCfg = Debug|Any CPU
		{596F6EF8-18B5-48FC-B651-1DE037691B27}.Debug|Any CPU.Build.0 = Debug|Any CPU
		{596F6EF8-18B5-48FC-B651-1DE037691B27}.Release|Any CPU.ActiveCfg = Release|Any CPU
		{596F6EF8-18B5-48FC-B651-1DE037691B27}.Release|Any CPU.Build.0 = Release|Any CPU
		{32C8483A-D6D1-4F87-A790-D09BBF403063}.Debug|Any CPU.ActiveCfg = Debug|Any CPU
		{32C8483A-D6D1-4F87-A790-D09BBF403063}.Debug|Any CPU.Build.0 = Debug|Any CPU
		{32C8483A-D6D1-4F87-A790-D09BBF403063}.Release|Any CPU.ActiveCfg = Release|Any CPU
		{32C8483A-D6D1-4F87-A790-D09BBF403063}.Release|Any CPU.Build.0 = Release|Any CPU
		{4ADC1081-691C-4299-9F52-C70E2F768780}.Debug|Any CPU.ActiveCfg = Debug|Any CPU
		{4ADC1081-691C-4299-9F52-C70E2F768780}.Debug|Any CPU.Build.0 = Debug|Any CPU
		{4ADC1081-691C-4299-9F52-C70E2F768780}.Release|Any CPU.ActiveCfg = Release|Any CPU
		{4ADC1081-691C-4299-9F52-C70E2F768780}.Release|Any CPU.Build.0 = Release|Any CPU
		{47B6E6DE-6948-4F62-80FA-8A69ECB4E6DD}.Debug|Any CPU.ActiveCfg = Debug|Any CPU
		{47B6E6DE-6948-4F62-80FA-8A69ECB4E6DD}.Debug|Any CPU.Build.0 = Debug|Any CPU
		{47B6E6DE-6948-4F62-80FA-8A69ECB4E6DD}.Release|Any CPU.ActiveCfg = Release|Any CPU
		{47B6E6DE-6948-4F62-80FA-8A69ECB4E6DD}.Release|Any CPU.Build.0 = Release|Any CPU
		{E6E91EB5-F78A-4511-9394-6101A9B7C710}.Debug|Any CPU.ActiveCfg = Debug|Any CPU
		{E6E91EB5-F78A-4511-9394-6101A9B7C710}.Debug|Any CPU.Build.0 = Debug|Any CPU
		{E6E91EB5-F78A-4511-9394-6101A9B7C710}.Release|Any CPU.ActiveCfg = Release|Any CPU
		{E6E91EB5-F78A-4511-9394-6101A9B7C710}.Release|Any CPU.Build.0 = Release|Any CPU
	EndGlobalSection
	GlobalSection(SolutionProperties) = preSolution
		HideSolutionNode = FALSE
	EndGlobalSection
	GlobalSection(ExtensibilityGlobals) = postSolution
		SolutionGuid = {025BC0F9-2C34-4196-90DE-9D6C50F1E260}
	EndGlobalSection
EndGlobal
